// !$*UTF8*$!
{
	archiveVersion = 1;
	classes = {
	};
	objectVersion = 56;
	objects = {

/* Begin PBXBuildFile section */
		DD4540D029D884700096A274 /* books_socialApp.swift in Sources */ = {isa = PBXBuildFile; fileRef = DD4540CF29D884700096A274 /* books_socialApp.swift */; };
		DD4540D229D884700096A274 /* ContentView.swift in Sources */ = {isa = PBXBuildFile; fileRef = DD4540D129D884700096A274 /* ContentView.swift */; };
		DD4540D429D884720096A274 /* Assets.xcassets in Resources */ = {isa = PBXBuildFile; fileRef = DD4540D329D884720096A274 /* Assets.xcassets */; };
		DD4540D729D884720096A274 /* Preview Assets.xcassets in Resources */ = {isa = PBXBuildFile; fileRef = DD4540D629D884720096A274 /* Preview Assets.xcassets */; };
		DD4540E129D884720096A274 /* books_socialTests.swift in Sources */ = {isa = PBXBuildFile; fileRef = DD4540E029D884720096A274 /* books_socialTests.swift */; };
		DD4540EB29D884720096A274 /* books_socialUITests.swift in Sources */ = {isa = PBXBuildFile; fileRef = DD4540EA29D884720096A274 /* books_socialUITests.swift */; };
		DD4540ED29D884720096A274 /* books_socialUITestsLaunchTests.swift in Sources */ = {isa = PBXBuildFile; fileRef = DD4540EC29D884720096A274 /* books_socialUITestsLaunchTests.swift */; };
/* End PBXBuildFile section */

/* Begin PBXContainerItemProxy section */
		DD4540DD29D884720096A274 /* PBXContainerItemProxy */ = {
			isa = PBXContainerItemProxy;
			containerPortal = DD4540C429D884700096A274 /* Project object */;
			proxyType = 1;
			remoteGlobalIDString = DD4540CB29D884700096A274;
			remoteInfo = "books-social";
		};
		DD4540E729D884720096A274 /* PBXContainerItemProxy */ = {
			isa = PBXContainerItemProxy;
			containerPortal = DD4540C429D884700096A274 /* Project object */;
			proxyType = 1;
			remoteGlobalIDString = DD4540CB29D884700096A274;
			remoteInfo = "books-social";
		};
/* End PBXContainerItemProxy section */

/* Begin PBXFileReference section */
		DD4540CC29D884700096A274 /* books-social.app */ = {isa = PBXFileReference; explicitFileType = wrapper.application; includeInIndex = 0; path = "books-social.app"; sourceTree = BUILT_PRODUCTS_DIR; };
		DD4540CF29D884700096A274 /* books_socialApp.swift */ = {isa = PBXFileReference; lastKnownFileType = sourcecode.swift; path = books_socialApp.swift; sourceTree = "<group>"; };
		DD4540D129D884700096A274 /* ContentView.swift */ = {isa = PBXFileReference; lastKnownFileType = sourcecode.swift; path = ContentView.swift; sourceTree = "<group>"; };
		DD4540D329D884720096A274 /* Assets.xcassets */ = {isa = PBXFileReference; lastKnownFileType = folder.assetcatalog; path = Assets.xcassets; sourceTree = "<group>"; };
		DD4540D629D884720096A274 /* Preview Assets.xcassets */ = {isa = PBXFileReference; lastKnownFileType = folder.assetcatalog; path = "Preview Assets.xcassets"; sourceTree = "<group>"; };
		DD4540DC29D884720096A274 /* books-socialTests.xctest */ = {isa = PBXFileReference; explicitFileType = wrapper.cfbundle; includeInIndex = 0; path = "books-socialTests.xctest"; sourceTree = BUILT_PRODUCTS_DIR; };
		DD4540E029D884720096A274 /* books_socialTests.swift */ = {isa = PBXFileReference; lastKnownFileType = sourcecode.swift; path = books_socialTests.swift; sourceTree = "<group>"; };
		DD4540E629D884720096A274 /* books-socialUITests.xctest */ = {isa = PBXFileReference; explicitFileType = wrapper.cfbundle; includeInIndex = 0; path = "books-socialUITests.xctest"; sourceTree = BUILT_PRODUCTS_DIR; };
		DD4540EA29D884720096A274 /* books_socialUITests.swift */ = {isa = PBXFileReference; lastKnownFileType = sourcecode.swift; path = books_socialUITests.swift; sourceTree = "<group>"; };
		DD4540EC29D884720096A274 /* books_socialUITestsLaunchTests.swift */ = {isa = PBXFileReference; lastKnownFileType = sourcecode.swift; path = books_socialUITestsLaunchTests.swift; sourceTree = "<group>"; };
/* End PBXFileReference section */

/* Begin PBXFrameworksBuildPhase section */
		DD4540C929D884700096A274 /* Frameworks */ = {
			isa = PBXFrameworksBuildPhase;
			buildActionMask = 2147483647;
			files = (
			);
			runOnlyForDeploymentPostprocessing = 0;
		};
		DD4540D929D884720096A274 /* Frameworks */ = {
			isa = PBXFrameworksBuildPhase;
			buildActionMask = 2147483647;
			files = (
			);
			runOnlyForDeploymentPostprocessing = 0;
		};
		DD4540E329D884720096A274 /* Frameworks */ = {
			isa = PBXFrameworksBuildPhase;
			buildActionMask = 2147483647;
			files = (
			);
			runOnlyForDeploymentPostprocessing = 0;
		};
/* End PBXFrameworksBuildPhase section */

/* Begin PBXGroup section */
		DD4540C329D884700096A274 = {
			isa = PBXGroup;
			children = (
				DD4540CE29D884700096A274 /* books-social */,
				DD4540DF29D884720096A274 /* books-socialTests */,
				DD4540E929D884720096A274 /* books-socialUITests */,
				DD4540CD29D884700096A274 /* Products */,
			);
			sourceTree = "<group>";
		};
		DD4540CD29D884700096A274 /* Products */ = {
			isa = PBXGroup;
			children = (
				DD4540CC29D884700096A274 /* books-social.app */,
				DD4540DC29D884720096A274 /* books-socialTests.xctest */,
				DD4540E629D884720096A274 /* books-socialUITests.xctest */,
			);
			name = Products;
			sourceTree = "<group>";
		};
		DD4540CE29D884700096A274 /* books-social */ = {
			isa = PBXGroup;
			children = (
				DD4540CF29D884700096A274 /* books_socialApp.swift */,
				DD4540D129D884700096A274 /* ContentView.swift */,
				DD4540D329D884720096A274 /* Assets.xcassets */,
				DD4540D529D884720096A274 /* Preview Content */,
			);
			path = "books-social";
			sourceTree = "<group>";
		};
		DD4540D529D884720096A274 /* Preview Content */ = {
			isa = PBXGroup;
			children = (
				DD4540D629D884720096A274 /* Preview Assets.xcassets */,
			);
			path = "Preview Content";
			sourceTree = "<group>";
		};
		DD4540DF29D884720096A274 /* books-socialTests */ = {
			isa = PBXGroup;
			children = (
				DD4540E029D884720096A274 /* books_socialTests.swift */,
			);
			path = "books-socialTests";
			sourceTree = "<group>";
		};
		DD4540E929D884720096A274 /* books-socialUITests */ = {
			isa = PBXGroup;
			children = (
				DD4540EA29D884720096A274 /* books_socialUITests.swift */,
				DD4540EC29D884720096A274 /* books_socialUITestsLaunchTests.swift */,
			);
			path = "books-socialUITests";
			sourceTree = "<group>";
		};
/* End PBXGroup section */

/* Begin PBXNativeTarget section */
		DD4540CB29D884700096A274 /* books-social */ = {
			isa = PBXNativeTarget;
			buildConfigurationList = DD4540F029D884720096A274 /* Build configuration list for PBXNativeTarget "books-social" */;
			buildPhases = (
				DD4540C829D884700096A274 /* Sources */,
				DD4540C929D884700096A274 /* Frameworks */,
				DD4540CA29D884700096A274 /* Resources */,
			);
			buildRules = (
			);
			dependencies = (
			);
			name = "books-social";
			productName = "books-social";
			productReference = DD4540CC29D884700096A274 /* books-social.app */;
			productType = "com.apple.product-type.application";
		};
		DD4540DB29D884720096A274 /* books-socialTests */ = {
			isa = PBXNativeTarget;
			buildConfigurationList = DD4540F329D884720096A274 /* Build configuration list for PBXNativeTarget "books-socialTests" */;
			buildPhases = (
				DD4540D829D884720096A274 /* Sources */,
				DD4540D929D884720096A274 /* Frameworks */,
				DD4540DA29D884720096A274 /* Resources */,
			);
			buildRules = (
			);
			dependencies = (
				DD4540DE29D884720096A274 /* PBXTargetDependency */,
			);
			name = "books-socialTests";
			productName = "books-socialTests";
			productReference = DD4540DC29D884720096A274 /* books-socialTests.xctest */;
			productType = "com.apple.product-type.bundle.unit-test";
		};
		DD4540E529D884720096A274 /* books-socialUITests */ = {
			isa = PBXNativeTarget;
			buildConfigurationList = DD4540F629D884720096A274 /* Build configuration list for PBXNativeTarget "books-socialUITests" */;
			buildPhases = (
				DD4540E229D884720096A274 /* Sources */,
				DD4540E329D884720096A274 /* Frameworks */,
				DD4540E429D884720096A274 /* Resources */,
			);
			buildRules = (
			);
			dependencies = (
				DD4540E829D884720096A274 /* PBXTargetDependency */,
			);
			name = "books-socialUITests";
			productName = "books-socialUITests";
			productReference = DD4540E629D884720096A274 /* books-socialUITests.xctest */;
			productType = "com.apple.product-type.bundle.ui-testing";
		};
/* End PBXNativeTarget section */

/* Begin PBXProject section */
		DD4540C429D884700096A274 /* Project object */ = {
			isa = PBXProject;
			attributes = {
				BuildIndependentTargetsInParallel = 1;
				LastSwiftUpdateCheck = 1430;
				LastUpgradeCheck = 1430;
				TargetAttributes = {
					DD4540CB29D884700096A274 = {
						CreatedOnToolsVersion = 14.3;
					};
					DD4540DB29D884720096A274 = {
						CreatedOnToolsVersion = 14.3;
						TestTargetID = DD4540CB29D884700096A274;
					};
					DD4540E529D884720096A274 = {
						CreatedOnToolsVersion = 14.3;
						TestTargetID = DD4540CB29D884700096A274;
					};
				};
			};
			buildConfigurationList = DD4540C729D884700096A274 /* Build configuration list for PBXProject "books-social" */;
			compatibilityVersion = "Xcode 14.0";
			developmentRegion = en;
			hasScannedForEncodings = 0;
			knownRegions = (
				en,
				Base,
			);
			mainGroup = DD4540C329D884700096A274;
			productRefGroup = DD4540CD29D884700096A274 /* Products */;
			projectDirPath = "";
			projectRoot = "";
			targets = (
				DD4540CB29D884700096A274 /* books-social */,
				DD4540DB29D884720096A274 /* books-socialTests */,
				DD4540E529D884720096A274 /* books-socialUITests */,
			);
		};
/* End PBXProject section */

/* Begin PBXResourcesBuildPhase section */
		DD4540CA29D884700096A274 /* Resources */ = {
			isa = PBXResourcesBuildPhase;
			buildActionMask = 2147483647;
			files = (
				DD4540D729D884720096A274 /* Preview Assets.xcassets in Resources */,
				DD4540D429D884720096A274 /* Assets.xcassets in Resources */,
			);
			runOnlyForDeploymentPostprocessing = 0;
		};
		DD4540DA29D884720096A274 /* Resources */ = {
			isa = PBXResourcesBuildPhase;
			buildActionMask = 2147483647;
			files = (
			);
			runOnlyForDeploymentPostprocessing = 0;
		};
		DD4540E429D884720096A274 /* Resources */ = {
			isa = PBXResourcesBuildPhase;
			buildActionMask = 2147483647;
			files = (
			);
			runOnlyForDeploymentPostprocessing = 0;
		};
/* End PBXResourcesBuildPhase section */

/* Begin PBXSourcesBuildPhase section */
		DD4540C829D884700096A274 /* Sources */ = {
			isa = PBXSourcesBuildPhase;
			buildActionMask = 2147483647;
			files = (
				DD4540D229D884700096A274 /* ContentView.swift in Sources */,
				DD4540D029D884700096A274 /* books_socialApp.swift in Sources */,
			);
			runOnlyForDeploymentPostprocessing = 0;
		};
		DD4540D829D884720096A274 /* Sources */ = {
			isa = PBXSourcesBuildPhase;
			buildActionMask = 2147483647;
			files = (
				DD4540E129D884720096A274 /* books_socialTests.swift in Sources */,
			);
			runOnlyForDeploymentPostprocessing = 0;
		};
		DD4540E229D884720096A274 /* Sources */ = {
			isa = PBXSourcesBuildPhase;
			buildActionMask = 2147483647;
			files = (
				DD4540ED29D884720096A274 /* books_socialUITestsLaunchTests.swift in Sources */,
				DD4540EB29D884720096A274 /* books_socialUITests.swift in Sources */,
			);
			runOnlyForDeploymentPostprocessing = 0;
		};
/* End PBXSourcesBuildPhase section */

/* Begin PBXTargetDependency section */
		DD4540DE29D884720096A274 /* PBXTargetDependency */ = {
			isa = PBXTargetDependency;
			target = DD4540CB29D884700096A274 /* books-social */;
			targetProxy = DD4540DD29D884720096A274 /* PBXContainerItemProxy */;
		};
		DD4540E829D884720096A274 /* PBXTargetDependency */ = {
			isa = PBXTargetDependency;
			target = DD4540CB29D884700096A274 /* books-social */;
			targetProxy = DD4540E729D884720096A274 /* PBXContainerItemProxy */;
		};
/* End PBXTargetDependency section */

/* Begin XCBuildConfiguration section */
		DD4540EE29D884720096A274 /* Debug */ = {
			isa = XCBuildConfiguration;
			buildSettings = {
				ALWAYS_SEARCH_USER_PATHS = NO;
				CLANG_ANALYZER_NONNULL = YES;
				CLANG_ANALYZER_NUMBER_OBJECT_CONVERSION = YES_AGGRESSIVE;
				CLANG_CXX_LANGUAGE_STANDARD = "gnu++20";
				CLANG_ENABLE_MODULES = YES;
				CLANG_ENABLE_OBJC_ARC = YES;
				CLANG_ENABLE_OBJC_WEAK = YES;
				CLANG_WARN_BLOCK_CAPTURE_AUTORELEASING = YES;
				CLANG_WARN_BOOL_CONVERSION = YES;
				CLANG_WARN_COMMA = YES;
				CLANG_WARN_CONSTANT_CONVERSION = YES;
				CLANG_WARN_DEPRECATED_OBJC_IMPLEMENTATIONS = YES;
				CLANG_WARN_DIRECT_OBJC_ISA_USAGE = YES_ERROR;
				CLANG_WARN_DOCUMENTATION_COMMENTS = YES;
				CLANG_WARN_EMPTY_BODY = YES;
				CLANG_WARN_ENUM_CONVERSION = YES;
				CLANG_WARN_INFINITE_RECURSION = YES;
				CLANG_WARN_INT_CONVERSION = YES;
				CLANG_WARN_NON_LITERAL_NULL_CONVERSION = YES;
				CLANG_WARN_OBJC_IMPLICIT_RETAIN_SELF = YES;
				CLANG_WARN_OBJC_LITERAL_CONVERSION = YES;
				CLANG_WARN_OBJC_ROOT_CLASS = YES_ERROR;
				CLANG_WARN_QUOTED_INCLUDE_IN_FRAMEWORK_HEADER = YES;
				CLANG_WARN_RANGE_LOOP_ANALYSIS = YES;
				CLANG_WARN_STRICT_PROTOTYPES = YES;
				CLANG_WARN_SUSPICIOUS_MOVE = YES;
				CLANG_WARN_UNGUARDED_AVAILABILITY = YES_AGGRESSIVE;
				CLANG_WARN_UNREACHABLE_CODE = YES;
				CLANG_WARN__DUPLICATE_METHOD_MATCH = YES;
				COPY_PHASE_STRIP = NO;
				DEBUG_INFORMATION_FORMAT = dwarf;
				ENABLE_STRICT_OBJC_MSGSEND = YES;
				ENABLE_TESTABILITY = YES;
				GCC_C_LANGUAGE_STANDARD = gnu11;
				GCC_DYNAMIC_NO_PIC = NO;
				GCC_NO_COMMON_BLOCKS = YES;
				GCC_OPTIMIZATION_LEVEL = 0;
				GCC_PREPROCESSOR_DEFINITIONS = (
					"DEBUG=1",
					"$(inherited)",
				);
				GCC_WARN_64_TO_32_BIT_CONVERSION = YES;
				GCC_WARN_ABOUT_RETURN_TYPE = YES_ERROR;
				GCC_WARN_UNDECLARED_SELECTOR = YES;
				GCC_WARN_UNINITIALIZED_AUTOS = YES_AGGRESSIVE;
				GCC_WARN_UNUSED_FUNCTION = YES;
				GCC_WARN_UNUSED_VARIABLE = YES;
				IPHONEOS_DEPLOYMENT_TARGET = 16.4;
				MTL_ENABLE_DEBUG_INFO = INCLUDE_SOURCE;
				MTL_FAST_MATH = YES;
				ONLY_ACTIVE_ARCH = YES;
				SDKROOT = iphoneos;
				SWIFT_ACTIVE_COMPILATION_CONDITIONS = DEBUG;
				SWIFT_OPTIMIZATION_LEVEL = "-Onone";
			};
			name = Debug;
		};
		DD4540EF29D884720096A274 /* Release */ = {
			isa = XCBuildConfiguration;
			buildSettings = {
				ALWAYS_SEARCH_USER_PATHS = NO;
				CLANG_ANALYZER_NONNULL = YES;
				CLANG_ANALYZER_NUMBER_OBJECT_CONVERSION = YES_AGGRESSIVE;
				CLANG_CXX_LANGUAGE_STANDARD = "gnu++20";
				CLANG_ENABLE_MODULES = YES;
				CLANG_ENABLE_OBJC_ARC = YES;
				CLANG_ENABLE_OBJC_WEAK = YES;
				CLANG_WARN_BLOCK_CAPTURE_AUTORELEASING = YES;
				CLANG_WARN_BOOL_CONVERSION = YES;
				CLANG_WARN_COMMA = YES;
				CLANG_WARN_CONSTANT_CONVERSION = YES;
				CLANG_WARN_DEPRECATED_OBJC_IMPLEMENTATIONS = YES;
				CLANG_WARN_DIRECT_OBJC_ISA_USAGE = YES_ERROR;
				CLANG_WARN_DOCUMENTATION_COMMENTS = YES;
				CLANG_WARN_EMPTY_BODY = YES;
				CLANG_WARN_ENUM_CONVERSION = YES;
				CLANG_WARN_INFINITE_RECURSION = YES;
				CLANG_WARN_INT_CONVERSION = YES;
				CLANG_WARN_NON_LITERAL_NULL_CONVERSION = YES;
				CLANG_WARN_OBJC_IMPLICIT_RETAIN_SELF = YES;
				CLANG_WARN_OBJC_LITERAL_CONVERSION = YES;
				CLANG_WARN_OBJC_ROOT_CLASS = YES_ERROR;
				CLANG_WARN_QUOTED_INCLUDE_IN_FRAMEWORK_HEADER = YES;
				CLANG_WARN_RANGE_LOOP_ANALYSIS = YES;
				CLANG_WARN_STRICT_PROTOTYPES = YES;
				CLANG_WARN_SUSPICIOUS_MOVE = YES;
				CLANG_WARN_UNGUARDED_AVAILABILITY = YES_AGGRESSIVE;
				CLANG_WARN_UNREACHABLE_CODE = YES;
				CLANG_WARN__DUPLICATE_METHOD_MATCH = YES;
				COPY_PHASE_STRIP = NO;
				DEBUG_INFORMATION_FORMAT = "dwarf-with-dsym";
				ENABLE_NS_ASSERTIONS = NO;
				ENABLE_STRICT_OBJC_MSGSEND = YES;
				GCC_C_LANGUAGE_STANDARD = gnu11;
				GCC_NO_COMMON_BLOCKS = YES;
				GCC_WARN_64_TO_32_BIT_CONVERSION = YES;
				GCC_WARN_ABOUT_RETURN_TYPE = YES_ERROR;
				GCC_WARN_UNDECLARED_SELECTOR = YES;
				GCC_WARN_UNINITIALIZED_AUTOS = YES_AGGRESSIVE;
				GCC_WARN_UNUSED_FUNCTION = YES;
				GCC_WARN_UNUSED_VARIABLE = YES;
				IPHONEOS_DEPLOYMENT_TARGET = 16.4;
				MTL_ENABLE_DEBUG_INFO = NO;
				MTL_FAST_MATH = YES;
				SDKROOT = iphoneos;
				SWIFT_COMPILATION_MODE = wholemodule;
				SWIFT_OPTIMIZATION_LEVEL = "-O";
				VALIDATE_PRODUCT = YES;
			};
			name = Release;
		};
		DD4540F129D884720096A274 /* Debug */ = {
			isa = XCBuildConfiguration;
			buildSettings = {
				ASSETCATALOG_COMPILER_APPICON_NAME = AppIcon;
				ASSETCATALOG_COMPILER_GLOBAL_ACCENT_COLOR_NAME = AccentColor;
				CODE_SIGN_STYLE = Automatic;
				CURRENT_PROJECT_VERSION = 1;
				DEVELOPMENT_ASSET_PATHS = "\"books-social/Preview Content\"";
				DEVELOPMENT_TEAM = Y8F8N8J9QW;
				ENABLE_PREVIEWS = YES;
				GENERATE_INFOPLIST_FILE = YES;
				INFOPLIST_KEY_UIApplicationSceneManifest_Generation = YES;
				INFOPLIST_KEY_UIApplicationSupportsIndirectInputEvents = YES;
				INFOPLIST_KEY_UILaunchScreen_Generation = YES;
				INFOPLIST_KEY_UISupportedInterfaceOrientations_iPad = "UIInterfaceOrientationPortrait UIInterfaceOrientationPortraitUpsideDown UIInterfaceOrientationLandscapeLeft UIInterfaceOrientationLandscapeRight";
				INFOPLIST_KEY_UISupportedInterfaceOrientations_iPhone = "UIInterfaceOrientationPortrait UIInterfaceOrientationLandscapeLeft UIInterfaceOrientationLandscapeRight";
				LD_RUNPATH_SEARCH_PATHS = (
					"$(inherited)",
					"@executable_path/Frameworks",
				);
				MARKETING_VERSION = 1.0;
				PRODUCT_BUNDLE_IDENTIFIER = "com.thanathip.books-social";
				PRODUCT_NAME = "$(TARGET_NAME)";
				SWIFT_EMIT_LOC_STRINGS = YES;
				SWIFT_VERSION = 5.0;
				TARGETED_DEVICE_FAMILY = "1,2";
			};
			name = Debug;
		};
		DD4540F229D884720096A274 /* Release */ = {
			isa = XCBuildConfiguration;
			buildSettings = {
				ASSETCATALOG_COMPILER_APPICON_NAME = AppIcon;
				ASSETCATALOG_COMPILER_GLOBAL_ACCENT_COLOR_NAME = AccentColor;
				CODE_SIGN_STYLE = Automatic;
				CURRENT_PROJECT_VERSION = 1;
				DEVELOPMENT_ASSET_PATHS = "\"books-social/Preview Content\"";
				DEVELOPMENT_TEAM = Y8F8N8J9QW;
				ENABLE_PREVIEWS = YES;
				GENERATE_INFOPLIST_FILE = YES;
				INFOPLIST_KEY_UIApplicationSceneManifest_Generation = YES;
				INFOPLIST_KEY_UIApplicationSupportsIndirectInputEvents = YES;
				INFOPLIST_KEY_UILaunchScreen_Generation = YES;
				INFOPLIST_KEY_UISupportedInterfaceOrientations_iPad = "UIInterfaceOrientationPortrait UIInterfaceOrientationPortraitUpsideDown UIInterfaceOrientationLandscapeLeft UIInterfaceOrientationLandscapeRight";
				INFOPLIST_KEY_UISupportedInterfaceOrientations_iPhone = "UIInterfaceOrientationPortrait UIInterfaceOrientationLandscapeLeft UIInterfaceOrientationLandscapeRight";
				LD_RUNPATH_SEARCH_PATHS = (
					"$(inherited)",
					"@executable_path/Frameworks",
				);
				MARKETING_VERSION = 1.0;
				PRODUCT_BUNDLE_IDENTIFIER = "com.thanathip.books-social";
				PRODUCT_NAME = "$(TARGET_NAME)";
				SWIFT_EMIT_LOC_STRINGS = YES;
				SWIFT_VERSION = 5.0;
				TARGETED_DEVICE_FAMILY = "1,2";
			};
			name = Release;
		};
		DD4540F429D884720096A274 /* Debug */ = {
			isa = XCBuildConfiguration;
			buildSettings = {
				ALWAYS_EMBED_SWIFT_STANDARD_LIBRARIES = YES;
				BUNDLE_LOADER = "$(TEST_HOST)";
				CODE_SIGN_STYLE = Automatic;
				CURRENT_PROJECT_VERSION = 1;
				DEVELOPMENT_TEAM = Y8F8N8J9QW;
				GENERATE_INFOPLIST_FILE = YES;
				IPHONEOS_DEPLOYMENT_TARGET = 16.4;
				MARKETING_VERSION = 1.0;
				PRODUCT_BUNDLE_IDENTIFIER = "com.thanathip.books-socialTests";
				PRODUCT_NAME = "$(TARGET_NAME)";
				SWIFT_EMIT_LOC_STRINGS = NO;
				SWIFT_VERSION = 5.0;
				TARGETED_DEVICE_FAMILY = "1,2";
				TEST_HOST = "$(BUILT_PRODUCTS_DIR)/books-social.app/$(BUNDLE_EXECUTABLE_FOLDER_PATH)/books-social";
			};
			name = Debug;
		};
		DD4540F529D884720096A274 /* Release */ = {
			isa = XCBuildConfiguration;
			buildSettings = {
				ALWAYS_EMBED_SWIFT_STANDARD_LIBRARIES = YES;
				BUNDLE_LOADER = "$(TEST_HOST)";
				CODE_SIGN_STYLE = Automatic;
				CURRENT_PROJECT_VERSION = 1;
				DEVELOPMENT_TEAM = Y8F8N8J9QW;
				GENERATE_INFOPLIST_FILE = YES;
				IPHONEOS_DEPLOYMENT_TARGET = 16.4;
				MARKETING_VERSION = 1.0;
				PRODUCT_BUNDLE_IDENTIFIER = "com.thanathip.books-socialTests";
				PRODUCT_NAME = "$(TARGET_NAME)";
				SWIFT_EMIT_LOC_STRINGS = NO;
				SWIFT_VERSION = 5.0;
				TARGETED_DEVICE_FAMILY = "1,2";
				TEST_HOST = "$(BUILT_PRODUCTS_DIR)/books-social.app/$(BUNDLE_EXECUTABLE_FOLDER_PATH)/books-social";
			};
			name = Release;
		};
		DD4540F729D884720096A274 /* Debug */ = {
			isa = XCBuildConfiguration;
			buildSettings = {
				ALWAYS_EMBED_SWIFT_STANDARD_LIBRARIES = YES;
				CODE_SIGN_STYLE = Automatic;
				CURRENT_PROJECT_VERSION = 1;
				DEVELOPMENT_TEAM = Y8F8N8J9QW;
				GENERATE_INFOPLIST_FILE = YES;
				MARKETING_VERSION = 1.0;
				PRODUCT_BUNDLE_IDENTIFIER = "com.thanathip.books-socialUITests";
				PRODUCT_NAME = "$(TARGET_NAME)";
				SWIFT_EMIT_LOC_STRINGS = NO;
				SWIFT_VERSION = 5.0;
				TARGETED_DEVICE_FAMILY = "1,2";
				TEST_TARGET_NAME = "books-social";
			};
			name = Debug;
		};
		DD4540F829D884720096A274 /* Release */ = {
			isa = XCBuildConfiguration;
			buildSettings = {
				ALWAYS_EMBED_SWIFT_STANDARD_LIBRARIES = YES;
				CODE_SIGN_STYLE = Automatic;
				CURRENT_PROJECT_VERSION = 1;
				DEVELOPMENT_TEAM = Y8F8N8J9QW;
				GENERATE_INFOPLIST_FILE = YES;
				MARKETING_VERSION = 1.0;
				PRODUCT_BUNDLE_IDENTIFIER = "com.thanathip.books-socialUITests";
				PRODUCT_NAME = "$(TARGET_NAME)";
				SWIFT_EMIT_LOC_STRINGS = NO;
				SWIFT_VERSION = 5.0;
				TARGETED_DEVICE_FAMILY = "1,2";
				TEST_TARGET_NAME = "books-social";
			};
			name = Release;
		};
/* End XCBuildConfiguration section */

/* Begin XCConfigurationList section */
		DD4540C729D884700096A274 /* Build configuration list for PBXProject "books-social" */ = {
			isa = XCConfigurationList;
			buildConfigurations = (
				DD4540EE29D884720096A274 /* Debug */,
				DD4540EF29D884720096A274 /* Release */,
			);
			defaultConfigurationIsVisible = 0;
			defaultConfigurationName = Release;
		};
		DD4540F029D884720096A274 /* Build configuration list for PBXNativeTarget "books-social" */ = {
			isa = XCConfigurationList;
			buildConfigurations = (
				DD4540F129D884720096A274 /* Debug */,
				DD4540F229D884720096A274 /* Release */,
			);
			defaultConfigurationIsVisible = 0;
			defaultConfigurationName = Release;
		};
		DD4540F329D884720096A274 /* Build configuration list for PBXNativeTarget "books-socialTests" */ = {
			isa = XCConfigurationList;
			buildConfigurations = (
				DD4540F429D884720096A274 /* Debug */,
				DD4540F529D884720096A274 /* Release */,
			);
			defaultConfigurationIsVisible = 0;
			defaultConfigurationName = Release;
		};
		DD4540F629D884720096A274 /* Build configuration list for PBXNativeTarget "books-socialUITests" */ = {
			isa = XCConfigurationList;
			buildConfigurations = (
				DD4540F729D884720096A274 /* Debug */,
				DD4540F829D884720096A274 /* Release */,
			);
			defaultConfigurationIsVisible = 0;
			defaultConfigurationName = Release;
		};
/* End XCConfigurationList section */
	};
	rootObject = DD4540C429D884700096A274 /* Project object */;
}
